<?xml version="1.0" encoding="utf-8"?>
<Project ToolsVersion="4.0" xmlns="http://schemas.microsoft.com/developer/msbuild/2003">
  <ItemGroup>
    <Filter Include="Source Files">
      <UniqueIdentifier>{4FC737F1-C7A5-4376-A066-2A32D752A2FF}</UniqueIdentifier>
      <Extensions>cpp;c;cc;cxx;def;odl;idl;hpj;bat;asm;asmx</Extensions>
    </Filter>
    <Filter Include="Header Files">
      <UniqueIdentifier>{93995380-89BD-4b04-88EB-625FBE52EBFB}</UniqueIdentifier>
      <Extensions>h;hh;hpp;hxx;hm;inl;inc;ipp;xsd</Extensions>
    </Filter>
    <Filter Include="Resource Files">
      <UniqueIdentifier>{67DA6AB6-F800-4c08-8B7A-83BB121AAD01}</UniqueIdentifier>
      <Extensions>rc;ico;cur;bmp;dlg;rc2;rct;bin;rgs;gif;jpg;jpeg;jpe;resx;tiff;tif;png;wav;mfcribbon-ms</Extensions>
    </Filter>
  </ItemGroup>
  <ItemGroup>
    <ClCompile Include="..\..\..\..\..\..\..\..\Benn%27s Inspiron 7586\source\repos\GitHub\22c_project\ironman_database\ironman_database\ironman_database\main.cpp">
      <Filter>Source Files</Filter>
    </ClCompile>
  </ItemGroup>
  <ItemGroup>
    <ClInclude Include="..\..\..\..\..\..\..\..\Benn%27s Inspiron 7586\source\repos\GitHub\22c_project\ironman_database\ironman_database\ironman_database\Hash.h">
      <Filter>Header Files</Filter>
    </ClInclude>
    <ClInclude Include="..\..\..\..\..\..\..\..\Benn%27s Inspiron 7586\source\repos\GitHub\22c_project\ironman_database\ironman_database\ironman_database\BinaryNode.h">
      <Filter>Header Files</Filter>
    </ClInclude>
    <ClInclude Include="..\..\..\..\..\..\..\..\Benn%27s Inspiron 7586\source\repos\GitHub\22c_project\ironman_database\ironman_database\ironman_database\BinaryTree.h">
      <Filter>Header Files</Filter>
    </ClInclude>
    <ClInclude Include="..\..\..\..\..\..\..\..\Benn%27s Inspiron 7586\source\repos\GitHub\22c_project\ironman_database\ironman_database\ironman_database\BinarySearchTree.h">
      <Filter>Header Files</Filter>
    </ClInclude>
    <ClInclude Include="..\..\..\..\..\..\..\..\Benn%27s Inspiron 7586\source\repos\GitHub\22c_project\ironman_database\ironman_database\ironman_database\Armors.h">
      <Filter>Header Files</Filter>
    </ClInclude>
    <ClInclude Include="..\..\..\..\..\..\..\..\Benn%27s Inspiron 7586\source\repos\GitHub\22c_project\ironman_database\ironman_database\ironman_database\Queue.h">
      <Filter>Header Files</Filter>
    </ClInclude>
    <ClInclude Include="..\..\..\..\..\..\..\..\Benn%27s Inspiron 7586\source\repos\GitHub\22c_project\ironman_database\ironman_database\ironman_database\List.h">
      <Filter>Header Files</Filter>
    </ClInclude>
  </ItemGroup>
</Project>